
Microsoft Visual Studio Solution File, Format Version 12.00
# Visual Studio 14
VisualStudioVersion = 14.0.25420.1
MinimumVisualStudioVersion = 10.0.40219.1
Project("{FAE04EC0-301F-11D3-BF4B-00C04F79EFBC}") = "StarShooter.Tests", "StarShooter.Tests\StarShooter.Tests.csproj", "{149AA39F-70E9-4CA2-8E75-FC351EB7ED62}"
EndProject
Project("{FAE04EC0-301F-11D3-BF4B-00C04F79EFBC}") = "StarShooter.GameManagement", "StarShooter.GameManagement\StarShooter.GameManagement.csproj", "{3AB179C0-FB68-4F9E-BD3C-8856211E0284}"
EndProject
Project("{FAE04EC0-301F-11D3-BF4B-00C04F79EFBC}") = "Zenject", "Zenject\Zenject.csproj", "{6277AE70-9702-4270-88DD-CFE159E5B045}"
EndProject
Project("{FAE04EC0-301F-11D3-BF4B-00C04F79EFBC}") = "StarShooter.Audio", "StarShooter.Audio\StarShooter.Audio.csproj", "{B72AF62D-19C8-45C9-9D53-304E8A208B13}"
EndProject
Project("{FAE04EC0-301F-11D3-BF4B-00C04F79EFBC}") = "StarShooter.Input", "StarShooter.Input\StarShooter.Input.csproj", "{90424668-B2AD-4239-B13F-9B9D50FF793C}"
EndProject
Project("{FAE04EC0-301F-11D3-BF4B-00C04F79EFBC}") = "StarShooter.Unity", "StarShooter.Unity\StarShooter.Unity.csproj", "{C529C19A-4D3C-432A-A864-C22022BC25E2}"
EndProject
Project("{FAE04EC0-301F-11D3-BF4B-00C04F79EFBC}") = "StarShooter.Editor", "StarShooter.Editor\StarShooter.Editor.csproj", "{FC1C246C-FB35-47C0-955C-19DC0146AF60}"
EndProject
Global
	GlobalSection(SolutionConfigurationPlatforms) = preSolution
		Debug|Any CPU = Debug|Any CPU
		Release|Any CPU = Release|Any CPU
	EndGlobalSection
	GlobalSection(ProjectConfigurationPlatforms) = postSolution
		{149AA39F-70E9-4CA2-8E75-FC351EB7ED62}.Debug|Any CPU.ActiveCfg = Debug|Any CPU
		{149AA39F-70E9-4CA2-8E75-FC351EB7ED62}.Debug|Any CPU.Build.0 = Debug|Any CPU
		{149AA39F-70E9-4CA2-8E75-FC351EB7ED62}.Release|Any CPU.ActiveCfg = Release|Any CPU
		{149AA39F-70E9-4CA2-8E75-FC351EB7ED62}.Release|Any CPU.Build.0 = Release|Any CPU
		{3AB179C0-FB68-4F9E-BD3C-8856211E0284}.Debug|Any CPU.ActiveCfg = Debug|Any CPU
		{3AB179C0-FB68-4F9E-BD3C-8856211E0284}.Debug|Any CPU.Build.0 = Debug|Any CPU
		{3AB179C0-FB68-4F9E-BD3C-8856211E0284}.Release|Any CPU.ActiveCfg = Release|Any CPU
		{3AB179C0-FB68-4F9E-BD3C-8856211E0284}.Release|Any CPU.Build.0 = Release|Any CPU
		{6277AE70-9702-4270-88DD-CFE159E5B045}.Debug|Any CPU.ActiveCfg = Debug|Any CPU
		{6277AE70-9702-4270-88DD-CFE159E5B045}.Debug|Any CPU.Build.0 = Debug|Any CPU
		{6277AE70-9702-4270-88DD-CFE159E5B045}.Release|Any CPU.ActiveCfg = Release|Any CPU
		{6277AE70-9702-4270-88DD-CFE159E5B045}.Release|Any CPU.Build.0 = Release|Any CPU
		{B72AF62D-19C8-45C9-9D53-304E8A208B13}.Debug|Any CPU.ActiveCfg = Debug|Any CPU
		{B72AF62D-19C8-45C9-9D53-304E8A208B13}.Debug|Any CPU.Build.0 = Debug|Any CPU
		{B72AF62D-19C8-45C9-9D53-304E8A208B13}.Release|Any CPU.ActiveCfg = Release|Any CPU
		{B72AF62D-19C8-45C9-9D53-304E8A208B13}.Release|Any CPU.Build.0 = Release|Any CPU
		{90424668-B2AD-4239-B13F-9B9D50FF793C}.Debug|Any CPU.ActiveCfg = Debug|Any CPU
		{90424668-B2AD-4239-B13F-9B9D50FF793C}.Debug|Any CPU.Build.0 = Debug|Any CPU
		{90424668-B2AD-4239-B13F-9B9D50FF793C}.Release|Any CPU.ActiveCfg = Release|Any CPU
		{90424668-B2AD-4239-B13F-9B9D50FF793C}.Release|Any CPU.Build.0 = Release|Any CPU
		{C529C19A-4D3C-432A-A864-C22022BC25E2}.Debug|Any CPU.ActiveCfg = Debug|Any CPU
		{C529C19A-4D3C-432A-A864-C22022BC25E2}.Debug|Any CPU.Build.0 = Debug|Any CPU
		{C529C19A-4D3C-432A-A864-C22022BC25E2}.Release|Any CPU.ActiveCfg = Release|Any CPU
		{C529C19A-4D3C-432A-A864-C22022BC25E2}.Release|Any CPU.Build.0 = Release|Any CPU
		{FC1C246C-FB35-47C0-955C-19DC0146AF60}.Debug|Any CPU.ActiveCfg = Debug|Any CPU
		{FC1C246C-FB35-47C0-955C-19DC0146AF60}.Debug|Any CPU.Build.0 = Debug|Any CPU
		{FC1C246C-FB35-47C0-955C-19DC0146AF60}.Release|Any CPU.ActiveCfg = Release|Any CPU
		{FC1C246C-FB35-47C0-955C-19DC0146AF60}.Release|Any CPU.Build.0 = Release|Any CPU
	EndGlobalSection
	GlobalSection(SolutionProperties) = preSolution
		HideSolutionNode = FALSE
	EndGlobalSection
EndGlobal
